
Microsoft Visual Studio Solution File, Format Version 12.00
# Visual Studio Version 17
VisualStudioVersion = 17.4.33122.133
MinimumVisualStudioVersion = 10.0.40219.1
Project("{FAE04EC0-301F-11D3-BF4B-00C04F79EFBC}") = "CourseMD", "CourseMD\CourseMD.csproj", "{DC35BEDC-99DE-4B91-A613-89D10CC015BA}"
EndProject
Global
	GlobalSection(SolutionConfigurationPlatforms) = preSolution
		Debug|Any CPU = Debug|Any CPU
		Release|Any CPU = Release|Any CPU
	EndGlobalSection
	GlobalSection(ProjectConfigurationPlatforms) = postSolution
		{DC35BEDC-99DE-4B91-A613-89D10CC015BA}.Debug|Any CPU.ActiveCfg = Debug|Any CPU
		{DC35BEDC-99DE-4B91-A613-89D10CC015BA}.Debug|Any CPU.Build.0 = Debug|Any CPU
		{DC35BEDC-99DE-4B91-A613-89D10CC015BA}.Release|Any CPU.ActiveCfg = Release|Any CPU
		{DC35BEDC-99DE-4B91-A613-89D10CC015BA}.Release|Any CPU.Build.0 = Release|Any CPU
	EndGlobalSection
	GlobalSection(SolutionProperties) = preSolution
		HideSolutionNode = FALSE
	EndGlobalSection
	GlobalSection(ExtensibilityGlobals) = postSolution
		SolutionGuid = {0902D744-DF28-4574-9EB7-F1180AFBD1F5}
	EndGlobalSection
EndGlobal
